
Microsoft Visual Studio Solution File, Format Version 12.00
# Visual Studio Version 17
VisualStudioVersion = 17.3.32819.101
MinimumVisualStudioVersion = 10.0.40219.1
Project("{FAE04EC0-301F-11D3-BF4B-00C04F79EFBC}") = "Module_3_Assignment", "Module_3_Assignment\Module_3_Assignment.csproj", "{B9EFF281-6CB6-45AE-B246-E6FA3C5C9CD4}"
EndProject
Global
	GlobalSection(SolutionConfigurationPlatforms) = preSolution
		Debug|Any CPU = Debug|Any CPU
		Release|Any CPU = Release|Any CPU
	EndGlobalSection
	GlobalSection(ProjectConfigurationPlatforms) = postSolution
		{B9EFF281-6CB6-45AE-B246-E6FA3C5C9CD4}.Debug|Any CPU.ActiveCfg = Debug|Any CPU
		{B9EFF281-6CB6-45AE-B246-E6FA3C5C9CD4}.Debug|Any CPU.Build.0 = Debug|Any CPU
		{B9EFF281-6CB6-45AE-B246-E6FA3C5C9CD4}.Release|Any CPU.ActiveCfg = Release|Any CPU
		{B9EFF281-6CB6-45AE-B246-E6FA3C5C9CD4}.Release|Any CPU.Build.0 = Release|Any CPU
	EndGlobalSection
	GlobalSection(SolutionProperties) = preSolution
		HideSolutionNode = FALSE
	EndGlobalSection
	GlobalSection(ExtensibilityGlobals) = postSolution
		SolutionGuid = {3732F727-8BE6-4B21-9C98-D20A0F789AD7}
	EndGlobalSection
EndGlobal
